GEM
  remote: https://rubygems.org/
  specs:
    activemodel (3.1.12)
      activesupport (= 3.1.12)
      builder (~> 3.0.0)
      i18n (~> 0.6)
    activerecord (3.1.12)
      activemodel (= 3.1.12)
      activesupport (= 3.1.12)
      arel (~> 2.2.3)
      tzinfo (~> 0.3.29)
    activesupport (3.1.12)
      multi_json (~> 1.0)
    appraisal (1.0.0.beta2)
      bundler
      rake
      thor (>= 0.14.0)
    arel (2.2.3)
    builder (3.0.4)
    columnize (0.3.6)
    debugger (1.6.3)
      columnize (>= 0.3.1)
      debugger-linecache (~> 1.2.0)
      debugger-ruby_core_source (~> 1.2.4)
    debugger-linecache (1.2.0)
    debugger-ruby_core_source (1.2.4)
    i18n (0.6.9)
    json (1.8.1)
    multi_json (1.8.2)
    mysql2 (0.3.14)
    rake (10.1.0)
    rdoc (4.0.1)
      json (~> 1.4)
    thor (0.18.1)
    tzinfo (0.3.38)

PLATFORMS
  ruby

DEPENDENCIES
  activerecord (= 3.1.12)
  appraisal (= 1.0.0.beta2)
  debugger
  mysql2
  rdoc
